
Microsoft Visual Studio Solution File, Format Version 12.00
# Visual Studio Version 17
VisualStudioVersion = 17.4.33205.214
MinimumVisualStudioVersion = 10.0.40219.1
Project("{9A19103F-16F7-4668-BE54-9A1E7A4F7556}") = "PRN211_SE_PT1", "PRN211_SE_PT1.csproj", "{D6719F68-08FA-47E8-9D59-BC789186D8EA}"
EndProject
Project("{9A19103F-16F7-4668-BE54-9A1E7A4F7556}") = "PRN211_SE_PT2", "..\PRN211_SE_PT2\PRN211_SE_PT2.csproj", "{BA08E677-2C24-4132-922B-9BC892AD92D2}"
EndProject
Project("{FAE04EC0-301F-11D3-BF4B-00C04F79EFBC}") = "PRN211_SE_PT3", "..\PRN211_SE_PT3\PRN211_SE_PT3.csproj", "{3C7509A6-572A-4DA2-BDC9-E0194BEBFCC2}"
EndProject
Global
	GlobalSection(SolutionConfigurationPlatforms) = preSolution
		Debug|Any CPU = Debug|Any CPU
		Release|Any CPU = Release|Any CPU
	EndGlobalSection
	GlobalSection(ProjectConfigurationPlatforms) = postSolution
		{D6719F68-08FA-47E8-9D59-BC789186D8EA}.Debug|Any CPU.ActiveCfg = Debug|Any CPU
		{D6719F68-08FA-47E8-9D59-BC789186D8EA}.Debug|Any CPU.Build.0 = Debug|Any CPU
		{D6719F68-08FA-47E8-9D59-BC789186D8EA}.Release|Any CPU.ActiveCfg = Release|Any CPU
		{D6719F68-08FA-47E8-9D59-BC789186D8EA}.Release|Any CPU.Build.0 = Release|Any CPU
		{BA08E677-2C24-4132-922B-9BC892AD92D2}.Debug|Any CPU.ActiveCfg = Debug|Any CPU
		{BA08E677-2C24-4132-922B-9BC892AD92D2}.Debug|Any CPU.Build.0 = Debug|Any CPU
		{BA08E677-2C24-4132-922B-9BC892AD92D2}.Release|Any CPU.ActiveCfg = Release|Any CPU
		{BA08E677-2C24-4132-922B-9BC892AD92D2}.Release|Any CPU.Build.0 = Release|Any CPU
		{3C7509A6-572A-4DA2-BDC9-E0194BEBFCC2}.Debug|Any CPU.ActiveCfg = Debug|Any CPU
		{3C7509A6-572A-4DA2-BDC9-E0194BEBFCC2}.Debug|Any CPU.Build.0 = Debug|Any CPU
		{3C7509A6-572A-4DA2-BDC9-E0194BEBFCC2}.Release|Any CPU.ActiveCfg = Release|Any CPU
		{3C7509A6-572A-4DA2-BDC9-E0194BEBFCC2}.Release|Any CPU.Build.0 = Release|Any CPU
	EndGlobalSection
	GlobalSection(SolutionProperties) = preSolution
		HideSolutionNode = FALSE
	EndGlobalSection
	GlobalSection(ExtensibilityGlobals) = postSolution
		SolutionGuid = {0DC0EC69-076B-49D7-85BE-8D60EBFAF931}
	EndGlobalSection
EndGlobal
